
Microsoft Visual Studio Solution File, Format Version 12.00
# Visual Studio 15
VisualStudioVersion = 15.0.27130.2027
MinimumVisualStudioVersion = 15.0.26124.0
Project("{9A19103F-16F7-4668-BE54-9A1E7A4F7556}") = "Veldrid", "Veldrid\Veldrid.csproj", "{60D56E4A-FA7A-4664-BEF0-0A29F41518BF}"
EndProject
Project("{9A19103F-16F7-4668-BE54-9A1E7A4F7556}") = "Veldrid.OpenGLBindings", "Veldrid.OpenGLBindings\Veldrid.OpenGLBindings.csproj", "{6E93B2E1-BF0B-4268-94BA-E951ECC4DD7F}"
EndProject
Project("{9A19103F-16F7-4668-BE54-9A1E7A4F7556}") = "Veldrid.MetalBindings", "Veldrid.MetalBindings\Veldrid.MetalBindings.csproj", "{6647F17C-02E9-4EF2-B882-40E22A187744}"
EndProject
Project("{FAE04EC0-301F-11D3-BF4B-00C04F79EFBC}") = "NeoDemo", "NeoDemo\NeoDemo.csproj", "{F3DF752F-84D9-4B3E-AA2D-281249FEA679}"
EndProject
Project("{FAE04EC0-301F-11D3-BF4B-00C04F79EFBC}") = "Veldrid.RenderDoc", "Veldrid.RenderDoc\Veldrid.RenderDoc.csproj", "{BC849F37-2170-4648-B873-224EA5A96A9C}"
EndProject
Project("{FAE04EC0-301F-11D3-BF4B-00C04F79EFBC}") = "Veldrid.ImageSharp", "Veldrid.ImageSharp\Veldrid.ImageSharp.csproj", "{3A9B11AD-3122-4EF3-940C-88C4D6ACD4F4}"
EndProject
Project("{FAE04EC0-301F-11D3-BF4B-00C04F79EFBC}") = "Veldrid.ImGui", "Veldrid.ImGui\Veldrid.ImGui.csproj", "{6362FA39-309E-4B7A-AD51-19C4B6D76683}"
EndProject
Project("{FAE04EC0-301F-11D3-BF4B-00C04F79EFBC}") = "Veldrid.StartupUtilities", "Veldrid.StartupUtilities\Veldrid.StartupUtilities.csproj", "{A19C0ED0-A79D-4B19-B99F-A8F8F878FFFF}"
EndProject
Project("{FAE04EC0-301F-11D3-BF4B-00C04F79EFBC}") = "Veldrid.Utilities", "Veldrid.Utilities\Veldrid.Utilities.csproj", "{D624EA9E-9101-4744-96F6-BF781432C66C}"
EndProject
Project("{FAE04EC0-301F-11D3-BF4B-00C04F79EFBC}") = "Veldrid.Tests", "Veldrid.Tests\Veldrid.Tests.csproj", "{872604A0-CE2A-43AE-BB35-80EFC8AE1D08}"
EndProject
Project("{FAE04EC0-301F-11D3-BF4B-00C04F79EFBC}") = "Veldrid.SDL2", "Veldrid.SDL2\Veldrid.SDL2.csproj", "{63C89696-8EC2-4887-BBE9-F42D9B2EF49D}"
EndProject
Project("{FAE04EC0-301F-11D3-BF4B-00C04F79EFBC}") = "Veldrid.SPIRV", "..\..\veldrid-spirv\src\Veldrid.SPIRV\Veldrid.SPIRV.csproj", "{A43A97BD-9170-480B-B356-9F0E4F942B6D}"
EndProject
Project("{FAE04EC0-301F-11D3-BF4B-00C04F79EFBC}") = "Velrid.TinyDemo", "Veldrid.TinyDemo\Velrid.TinyDemo.csproj", "{1CD55233-F23A-4ACA-A39A-ADA65C0AD48D}"
EndProject
Global
	GlobalSection(Performance) = preSolution
		HasPerformanceSessions = true
	EndGlobalSection
	GlobalSection(SolutionConfigurationPlatforms) = preSolution
		Debug|Any CPU = Debug|Any CPU
		Debug|ARM = Debug|ARM
		Debug|x64 = Debug|x64
		Debug|x86 = Debug|x86
		Release|Any CPU = Release|Any CPU
		Release|ARM = Release|ARM
		Release|x64 = Release|x64
		Release|x86 = Release|x86
	EndGlobalSection
	GlobalSection(ProjectConfigurationPlatforms) = postSolution
		{60D56E4A-FA7A-4664-BEF0-0A29F41518BF}.Debug|Any CPU.ActiveCfg = Debug|Any CPU
		{60D56E4A-FA7A-4664-BEF0-0A29F41518BF}.Debug|Any CPU.Build.0 = Debug|Any CPU
		{60D56E4A-FA7A-4664-BEF0-0A29F41518BF}.Debug|ARM.ActiveCfg = Debug|Any CPU
		{60D56E4A-FA7A-4664-BEF0-0A29F41518BF}.Debug|ARM.Build.0 = Debug|Any CPU
		{60D56E4A-FA7A-4664-BEF0-0A29F41518BF}.Debug|x64.ActiveCfg = Debug|Any CPU
		{60D56E4A-FA7A-4664-BEF0-0A29F41518BF}.Debug|x64.Build.0 = Debug|Any CPU
		{60D56E4A-FA7A-4664-BEF0-0A29F41518BF}.Debug|x86.ActiveCfg = Debug|Any CPU
		{60D56E4A-FA7A-4664-BEF0-0A29F41518BF}.Debug|x86.Build.0 = Debug|Any CPU
		{60D56E4A-FA7A-4664-BEF0-0A29F41518BF}.Release|Any CPU.ActiveCfg = Release|Any CPU
		{60D56E4A-FA7A-4664-BEF0-0A29F41518BF}.Release|Any CPU.Build.0 = Release|Any CPU
		{60D56E4A-FA7A-4664-BEF0-0A29F41518BF}.Release|ARM.ActiveCfg = Release|Any CPU
		{60D56E4A-FA7A-4664-BEF0-0A29F41518BF}.Release|ARM.Build.0 = Release|Any CPU
		{60D56E4A-FA7A-4664-BEF0-0A29F41518BF}.Release|x64.ActiveCfg = Release|Any CPU
		{60D56E4A-FA7A-4664-BEF0-0A29F41518BF}.Release|x64.Build.0 = Release|Any CPU
		{60D56E4A-FA7A-4664-BEF0-0A29F41518BF}.Release|x86.ActiveCfg = Release|Any CPU
		{60D56E4A-FA7A-4664-BEF0-0A29F41518BF}.Release|x86.Build.0 = Release|Any CPU
		{6E93B2E1-BF0B-4268-94BA-E951ECC4DD7F}.Debug|Any CPU.ActiveCfg = Debug|Any CPU
		{6E93B2E1-BF0B-4268-94BA-E951ECC4DD7F}.Debug|Any CPU.Build.0 = Debug|Any CPU
		{6E93B2E1-BF0B-4268-94BA-E951ECC4DD7F}.Debug|ARM.ActiveCfg = Debug|Any CPU
		{6E93B2E1-BF0B-4268-94BA-E951ECC4DD7F}.Debug|ARM.Build.0 = Debug|Any CPU
		{6E93B2E1-BF0B-4268-94BA-E951ECC4DD7F}.Debug|x64.ActiveCfg = Debug|Any CPU
		{6E93B2E1-BF0B-4268-94BA-E951ECC4DD7F}.Debug|x64.Build.0 = Debug|Any CPU
		{6E93B2E1-BF0B-4268-94BA-E951ECC4DD7F}.Debug|x86.ActiveCfg = Debug|Any CPU
		{6E93B2E1-BF0B-4268-94BA-E951ECC4DD7F}.Debug|x86.Build.0 = Debug|Any CPU
		{6E93B2E1-BF0B-4268-94BA-E951ECC4DD7F}.Release|Any CPU.ActiveCfg = Release|Any CPU
		{6E93B2E1-BF0B-4268-94BA-E951ECC4DD7F}.Release|Any CPU.Build.0 = Release|Any CPU
		{6E93B2E1-BF0B-4268-94BA-E951ECC4DD7F}.Release|ARM.ActiveCfg = Release|Any CPU
		{6E93B2E1-BF0B-4268-94BA-E951ECC4DD7F}.Release|ARM.Build.0 = Release|Any CPU
		{6E93B2E1-BF0B-4268-94BA-E951ECC4DD7F}.Release|x64.ActiveCfg = Release|Any CPU
		{6E93B2E1-BF0B-4268-94BA-E951ECC4DD7F}.Release|x64.Build.0 = Release|Any CPU
		{6E93B2E1-BF0B-4268-94BA-E951ECC4DD7F}.Release|x86.ActiveCfg = Release|Any CPU
		{6E93B2E1-BF0B-4268-94BA-E951ECC4DD7F}.Release|x86.Build.0 = Release|Any CPU
		{6647F17C-02E9-4EF2-B882-40E22A187744}.Debug|Any CPU.ActiveCfg = Debug|Any CPU
		{6647F17C-02E9-4EF2-B882-40E22A187744}.Debug|Any CPU.Build.0 = Debug|Any CPU
		{6647F17C-02E9-4EF2-B882-40E22A187744}.Debug|ARM.ActiveCfg = Debug|Any CPU
		{6647F17C-02E9-4EF2-B882-40E22A187744}.Debug|ARM.Build.0 = Debug|Any CPU
		{6647F17C-02E9-4EF2-B882-40E22A187744}.Debug|x64.ActiveCfg = Debug|Any CPU
		{6647F17C-02E9-4EF2-B882-40E22A187744}.Debug|x64.Build.0 = Debug|Any CPU
		{6647F17C-02E9-4EF2-B882-40E22A187744}.Debug|x86.ActiveCfg = Debug|Any CPU
		{6647F17C-02E9-4EF2-B882-40E22A187744}.Debug|x86.Build.0 = Debug|Any CPU
		{6647F17C-02E9-4EF2-B882-40E22A187744}.Release|Any CPU.ActiveCfg = Release|Any CPU
		{6647F17C-02E9-4EF2-B882-40E22A187744}.Release|Any CPU.Build.0 = Release|Any CPU
		{6647F17C-02E9-4EF2-B882-40E22A187744}.Release|ARM.ActiveCfg = Release|Any CPU
		{6647F17C-02E9-4EF2-B882-40E22A187744}.Release|ARM.Build.0 = Release|Any CPU
		{6647F17C-02E9-4EF2-B882-40E22A187744}.Release|x64.ActiveCfg = Release|Any CPU
		{6647F17C-02E9-4EF2-B882-40E22A187744}.Release|x64.Build.0 = Release|Any CPU
		{6647F17C-02E9-4EF2-B882-40E22A187744}.Release|x86.ActiveCfg = Release|Any CPU
		{6647F17C-02E9-4EF2-B882-40E22A187744}.Release|x86.Build.0 = Release|Any CPU
		{F3DF752F-84D9-4B3E-AA2D-281249FEA679}.Debug|Any CPU.ActiveCfg = Debug|Any CPU
		{F3DF752F-84D9-4B3E-AA2D-281249FEA679}.Debug|Any CPU.Build.0 = Debug|Any CPU
		{F3DF752F-84D9-4B3E-AA2D-281249FEA679}.Debug|ARM.ActiveCfg = Debug|Any CPU
		{F3DF752F-84D9-4B3E-AA2D-281249FEA679}.Debug|ARM.Build.0 = Debug|Any CPU
		{F3DF752F-84D9-4B3E-AA2D-281249FEA679}.Debug|x64.ActiveCfg = Debug|Any CPU
		{F3DF752F-84D9-4B3E-AA2D-281249FEA679}.Debug|x64.Build.0 = Debug|Any CPU
		{F3DF752F-84D9-4B3E-AA2D-281249FEA679}.Debug|x86.ActiveCfg = Debug|Any CPU
		{F3DF752F-84D9-4B3E-AA2D-281249FEA679}.Debug|x86.Build.0 = Debug|Any CPU
		{F3DF752F-84D9-4B3E-AA2D-281249FEA679}.Release|Any CPU.ActiveCfg = Release|Any CPU
		{F3DF752F-84D9-4B3E-AA2D-281249FEA679}.Release|Any CPU.Build.0 = Release|Any CPU
		{F3DF752F-84D9-4B3E-AA2D-281249FEA679}.Release|ARM.ActiveCfg = Release|Any CPU
		{F3DF752F-84D9-4B3E-AA2D-281249FEA679}.Release|ARM.Build.0 = Release|Any CPU
		{F3DF752F-84D9-4B3E-AA2D-281249FEA679}.Release|x64.ActiveCfg = Release|Any CPU
		{F3DF752F-84D9-4B3E-AA2D-281249FEA679}.Release|x64.Build.0 = Release|Any CPU
		{F3DF752F-84D9-4B3E-AA2D-281249FEA679}.Release|x86.ActiveCfg = Release|Any CPU
		{F3DF752F-84D9-4B3E-AA2D-281249FEA679}.Release|x86.Build.0 = Release|Any CPU
		{BC849F37-2170-4648-B873-224EA5A96A9C}.Debug|Any CPU.ActiveCfg = Debug|Any CPU
		{BC849F37-2170-4648-B873-224EA5A96A9C}.Debug|Any CPU.Build.0 = Debug|Any CPU
		{BC849F37-2170-4648-B873-224EA5A96A9C}.Debug|ARM.ActiveCfg = Debug|Any CPU
		{BC849F37-2170-4648-B873-224EA5A96A9C}.Debug|ARM.Build.0 = Debug|Any CPU
		{BC849F37-2170-4648-B873-224EA5A96A9C}.Debug|x64.ActiveCfg = Debug|Any CPU
		{BC849F37-2170-4648-B873-224EA5A96A9C}.Debug|x64.Build.0 = Debug|Any CPU
		{BC849F37-2170-4648-B873-224EA5A96A9C}.Debug|x86.ActiveCfg = Debug|Any CPU
		{BC849F37-2170-4648-B873-224EA5A96A9C}.Debug|x86.Build.0 = Debug|Any CPU
		{BC849F37-2170-4648-B873-224EA5A96A9C}.Release|Any CPU.ActiveCfg = Release|Any CPU
		{BC849F37-2170-4648-B873-224EA5A96A9C}.Release|Any CPU.Build.0 = Release|Any CPU
		{BC849F37-2170-4648-B873-224EA5A96A9C}.Release|ARM.ActiveCfg = Release|Any CPU
		{BC849F37-2170-4648-B873-224EA5A96A9C}.Release|ARM.Build.0 = Release|Any CPU
		{BC849F37-2170-4648-B873-224EA5A96A9C}.Release|x64.ActiveCfg = Release|Any CPU
		{BC849F37-2170-4648-B873-224EA5A96A9C}.Release|x64.Build.0 = Release|Any CPU
		{BC849F37-2170-4648-B873-224EA5A96A9C}.Release|x86.ActiveCfg = Release|Any CPU
		{BC849F37-2170-4648-B873-224EA5A96A9C}.Release|x86.Build.0 = Release|Any CPU
		{3A9B11AD-3122-4EF3-940C-88C4D6ACD4F4}.Debug|Any CPU.ActiveCfg = Debug|Any CPU
		{3A9B11AD-3122-4EF3-940C-88C4D6ACD4F4}.Debug|Any CPU.Build.0 = Debug|Any CPU
		{3A9B11AD-3122-4EF3-940C-88C4D6ACD4F4}.Debug|ARM.ActiveCfg = Debug|Any CPU
		{3A9B11AD-3122-4EF3-940C-88C4D6ACD4F4}.Debug|ARM.Build.0 = Debug|Any CPU
		{3A9B11AD-3122-4EF3-940C-88C4D6ACD4F4}.Debug|x64.ActiveCfg = Debug|Any CPU
		{3A9B11AD-3122-4EF3-940C-88C4D6ACD4F4}.Debug|x64.Build.0 = Debug|Any CPU
		{3A9B11AD-3122-4EF3-940C-88C4D6ACD4F4}.Debug|x86.ActiveCfg = Debug|Any CPU
		{3A9B11AD-3122-4EF3-940C-88C4D6ACD4F4}.Debug|x86.Build.0 = Debug|Any CPU
		{3A9B11AD-3122-4EF3-940C-88C4D6ACD4F4}.Release|Any CPU.ActiveCfg = Release|Any CPU
		{3A9B11AD-3122-4EF3-940C-88C4D6ACD4F4}.Release|Any CPU.Build.0 = Release|Any CPU
		{3A9B11AD-3122-4EF3-940C-88C4D6ACD4F4}.Release|ARM.ActiveCfg = Release|Any CPU
		{3A9B11AD-3122-4EF3-940C-88C4D6ACD4F4}.Release|ARM.Build.0 = Release|Any CPU
		{3A9B11AD-3122-4EF3-940C-88C4D6ACD4F4}.Release|x64.ActiveCfg = Release|Any CPU
		{3A9B11AD-3122-4EF3-940C-88C4D6ACD4F4}.Release|x64.Build.0 = Release|Any CPU
		{3A9B11AD-3122-4EF3-940C-88C4D6ACD4F4}.Release|x86.ActiveCfg = Release|Any CPU
		{3A9B11AD-3122-4EF3-940C-88C4D6ACD4F4}.Release|x86.Build.0 = Release|Any CPU
		{6362FA39-309E-4B7A-AD51-19C4B6D76683}.Debug|Any CPU.ActiveCfg = Debug|Any CPU
		{6362FA39-309E-4B7A-AD51-19C4B6D76683}.Debug|Any CPU.Build.0 = Debug|Any CPU
		{6362FA39-309E-4B7A-AD51-19C4B6D76683}.Debug|ARM.ActiveCfg = Debug|Any CPU
		{6362FA39-309E-4B7A-AD51-19C4B6D76683}.Debug|ARM.Build.0 = Debug|Any CPU
		{6362FA39-309E-4B7A-AD51-19C4B6D76683}.Debug|x64.ActiveCfg = Debug|Any CPU
		{6362FA39-309E-4B7A-AD51-19C4B6D76683}.Debug|x64.Build.0 = Debug|Any CPU
		{6362FA39-309E-4B7A-AD51-19C4B6D76683}.Debug|x86.ActiveCfg = Debug|Any CPU
		{6362FA39-309E-4B7A-AD51-19C4B6D76683}.Debug|x86.Build.0 = Debug|Any CPU
		{6362FA39-309E-4B7A-AD51-19C4B6D76683}.Release|Any CPU.ActiveCfg = Release|Any CPU
		{6362FA39-309E-4B7A-AD51-19C4B6D76683}.Release|Any CPU.Build.0 = Release|Any CPU
		{6362FA39-309E-4B7A-AD51-19C4B6D76683}.Release|ARM.ActiveCfg = Release|Any CPU
		{6362FA39-309E-4B7A-AD51-19C4B6D76683}.Release|ARM.Build.0 = Release|Any CPU
		{6362FA39-309E-4B7A-AD51-19C4B6D76683}.Release|x64.ActiveCfg = Release|Any CPU
		{6362FA39-309E-4B7A-AD51-19C4B6D76683}.Release|x64.Build.0 = Release|Any CPU
		{6362FA39-309E-4B7A-AD51-19C4B6D76683}.Release|x86.ActiveCfg = Release|Any CPU
		{6362FA39-309E-4B7A-AD51-19C4B6D76683}.Release|x86.Build.0 = Release|Any CPU
		{A19C0ED0-A79D-4B19-B99F-A8F8F878FFFF}.Debug|Any CPU.ActiveCfg = Debug|Any CPU
		{A19C0ED0-A79D-4B19-B99F-A8F8F878FFFF}.Debug|Any CPU.Build.0 = Debug|Any CPU
		{A19C0ED0-A79D-4B19-B99F-A8F8F878FFFF}.Debug|ARM.ActiveCfg = Debug|Any CPU
		{A19C0ED0-A79D-4B19-B99F-A8F8F878FFFF}.Debug|ARM.Build.0 = Debug|Any CPU
		{A19C0ED0-A79D-4B19-B99F-A8F8F878FFFF}.Debug|x64.ActiveCfg = Debug|Any CPU
		{A19C0ED0-A79D-4B19-B99F-A8F8F878FFFF}.Debug|x64.Build.0 = Debug|Any CPU
		{A19C0ED0-A79D-4B19-B99F-A8F8F878FFFF}.Debug|x86.ActiveCfg = Debug|Any CPU
		{A19C0ED0-A79D-4B19-B99F-A8F8F878FFFF}.Debug|x86.Build.0 = Debug|Any CPU
		{A19C0ED0-A79D-4B19-B99F-A8F8F878FFFF}.Release|Any CPU.ActiveCfg = Release|Any CPU
		{A19C0ED0-A79D-4B19-B99F-A8F8F878FFFF}.Release|Any CPU.Build.0 = Release|Any CPU
		{A19C0ED0-A79D-4B19-B99F-A8F8F878FFFF}.Release|ARM.ActiveCfg = Release|Any CPU
		{A19C0ED0-A79D-4B19-B99F-A8F8F878FFFF}.Release|ARM.Build.0 = Release|Any CPU
		{A19C0ED0-A79D-4B19-B99F-A8F8F878FFFF}.Release|x64.ActiveCfg = Release|Any CPU
		{A19C0ED0-A79D-4B19-B99F-A8F8F878FFFF}.Release|x64.Build.0 = Release|Any CPU
		{A19C0ED0-A79D-4B19-B99F-A8F8F878FFFF}.Release|x86.ActiveCfg = Release|Any CPU
		{A19C0ED0-A79D-4B19-B99F-A8F8F878FFFF}.Release|x86.Build.0 = Release|Any CPU
		{D624EA9E-9101-4744-96F6-BF781432C66C}.Debug|Any CPU.ActiveCfg = Debug|Any CPU
		{D624EA9E-9101-4744-96F6-BF781432C66C}.Debug|Any CPU.Build.0 = Debug|Any CPU
		{D624EA9E-9101-4744-96F6-BF781432C66C}.Debug|ARM.ActiveCfg = Debug|Any CPU
		{D624EA9E-9101-4744-96F6-BF781432C66C}.Debug|ARM.Build.0 = Debug|Any CPU
		{D624EA9E-9101-4744-96F6-BF781432C66C}.Debug|x64.ActiveCfg = Debug|Any CPU
		{D624EA9E-9101-4744-96F6-BF781432C66C}.Debug|x64.Build.0 = Debug|Any CPU
		{D624EA9E-9101-4744-96F6-BF781432C66C}.Debug|x86.ActiveCfg = Debug|Any CPU
		{D624EA9E-9101-4744-96F6-BF781432C66C}.Debug|x86.Build.0 = Debug|Any CPU
		{D624EA9E-9101-4744-96F6-BF781432C66C}.Release|Any CPU.ActiveCfg = Release|Any CPU
		{D624EA9E-9101-4744-96F6-BF781432C66C}.Release|Any CPU.Build.0 = Release|Any CPU
		{D624EA9E-9101-4744-96F6-BF781432C66C}.Release|ARM.ActiveCfg = Release|Any CPU
		{D624EA9E-9101-4744-96F6-BF781432C66C}.Release|ARM.Build.0 = Release|Any CPU
		{D624EA9E-9101-4744-96F6-BF781432C66C}.Release|x64.ActiveCfg = Release|Any CPU
		{D624EA9E-9101-4744-96F6-BF781432C66C}.Release|x64.Build.0 = Release|Any CPU
		{D624EA9E-9101-4744-96F6-BF781432C66C}.Release|x86.ActiveCfg = Release|Any CPU
		{D624EA9E-9101-4744-96F6-BF781432C66C}.Release|x86.Build.0 = Release|Any CPU
		{872604A0-CE2A-43AE-BB35-80EFC8AE1D08}.Debug|Any CPU.ActiveCfg = Debug|Any CPU
		{872604A0-CE2A-43AE-BB35-80EFC8AE1D08}.Debug|Any CPU.Build.0 = Debug|Any CPU
		{872604A0-CE2A-43AE-BB35-80EFC8AE1D08}.Debug|ARM.ActiveCfg = Debug|Any CPU
		{872604A0-CE2A-43AE-BB35-80EFC8AE1D08}.Debug|ARM.Build.0 = Debug|Any CPU
		{872604A0-CE2A-43AE-BB35-80EFC8AE1D08}.Debug|x64.ActiveCfg = Debug|Any CPU
		{872604A0-CE2A-43AE-BB35-80EFC8AE1D08}.Debug|x64.Build.0 = Debug|Any CPU
		{872604A0-CE2A-43AE-BB35-80EFC8AE1D08}.Debug|x86.ActiveCfg = Debug|Any CPU
		{872604A0-CE2A-43AE-BB35-80EFC8AE1D08}.Debug|x86.Build.0 = Debug|Any CPU
		{872604A0-CE2A-43AE-BB35-80EFC8AE1D08}.Release|Any CPU.ActiveCfg = Release|Any CPU
		{872604A0-CE2A-43AE-BB35-80EFC8AE1D08}.Release|Any CPU.Build.0 = Release|Any CPU
		{872604A0-CE2A-43AE-BB35-80EFC8AE1D08}.Release|ARM.ActiveCfg = Release|Any CPU
		{872604A0-CE2A-43AE-BB35-80EFC8AE1D08}.Release|ARM.Build.0 = Release|Any CPU
		{872604A0-CE2A-43AE-BB35-80EFC8AE1D08}.Release|x64.ActiveCfg = Release|Any CPU
		{872604A0-CE2A-43AE-BB35-80EFC8AE1D08}.Release|x64.Build.0 = Release|Any CPU
		{872604A0-CE2A-43AE-BB35-80EFC8AE1D08}.Release|x86.ActiveCfg = Release|Any CPU
		{872604A0-CE2A-43AE-BB35-80EFC8AE1D08}.Release|x86.Build.0 = Release|Any CPU
		{63C89696-8EC2-4887-BBE9-F42D9B2EF49D}.Debug|Any CPU.ActiveCfg = Debug|Any CPU
		{63C89696-8EC2-4887-BBE9-F42D9B2EF49D}.Debug|Any CPU.Build.0 = Debug|Any CPU
		{63C89696-8EC2-4887-BBE9-F42D9B2EF49D}.Debug|ARM.ActiveCfg = Debug|Any CPU
		{63C89696-8EC2-4887-BBE9-F42D9B2EF49D}.Debug|ARM.Build.0 = Debug|Any CPU
		{63C89696-8EC2-4887-BBE9-F42D9B2EF49D}.Debug|x64.ActiveCfg = Debug|Any CPU
		{63C89696-8EC2-4887-BBE9-F42D9B2EF49D}.Debug|x64.Build.0 = Debug|Any CPU
		{63C89696-8EC2-4887-BBE9-F42D9B2EF49D}.Debug|x86.ActiveCfg = Debug|Any CPU
		{63C89696-8EC2-4887-BBE9-F42D9B2EF49D}.Debug|x86.Build.0 = Debug|Any CPU
		{63C89696-8EC2-4887-BBE9-F42D9B2EF49D}.Release|Any CPU.ActiveCfg = Release|Any CPU
		{63C89696-8EC2-4887-BBE9-F42D9B2EF49D}.Release|Any CPU.Build.0 = Release|Any CPU
		{63C89696-8EC2-4887-BBE9-F42D9B2EF49D}.Release|ARM.ActiveCfg = Release|Any CPU
		{63C89696-8EC2-4887-BBE9-F42D9B2EF49D}.Release|ARM.Build.0 = Release|Any CPU
		{63C89696-8EC2-4887-BBE9-F42D9B2EF49D}.Release|x64.ActiveCfg = Release|Any CPU
		{63C89696-8EC2-4887-BBE9-F42D9B2EF49D}.Release|x64.Build.0 = Release|Any CPU
		{63C89696-8EC2-4887-BBE9-F42D9B2EF49D}.Release|x86.ActiveCfg = Release|Any CPU
		{63C89696-8EC2-4887-BBE9-F42D9B2EF49D}.Release|x86.Build.0 = Release|Any CPU
		{A43A97BD-9170-480B-B356-9F0E4F942B6D}.Debug|Any CPU.ActiveCfg = Debug|Any CPU
		{A43A97BD-9170-480B-B356-9F0E4F942B6D}.Debug|Any CPU.Build.0 = Debug|Any CPU
		{A43A97BD-9170-480B-B356-9F0E4F942B6D}.Debug|ARM.ActiveCfg = Debug|Any CPU
		{A43A97BD-9170-480B-B356-9F0E4F942B6D}.Debug|ARM.Build.0 = Debug|Any CPU
		{A43A97BD-9170-480B-B356-9F0E4F942B6D}.Debug|x64.ActiveCfg = Debug|Any CPU
		{A43A97BD-9170-480B-B356-9F0E4F942B6D}.Debug|x64.Build.0 = Debug|Any CPU
		{A43A97BD-9170-480B-B356-9F0E4F942B6D}.Debug|x86.ActiveCfg = Debug|Any CPU
		{A43A97BD-9170-480B-B356-9F0E4F942B6D}.Debug|x86.Build.0 = Debug|Any CPU
		{A43A97BD-9170-480B-B356-9F0E4F942B6D}.Release|Any CPU.ActiveCfg = Release|Any CPU
		{A43A97BD-9170-480B-B356-9F0E4F942B6D}.Release|Any CPU.Build.0 = Release|Any CPU
		{A43A97BD-9170-480B-B356-9F0E4F942B6D}.Release|ARM.ActiveCfg = Release|Any CPU
		{A43A97BD-9170-480B-B356-9F0E4F942B6D}.Release|ARM.Build.0 = Release|Any CPU
		{A43A97BD-9170-480B-B356-9F0E4F942B6D}.Release|x64.ActiveCfg = Release|Any CPU
		{A43A97BD-9170-480B-B356-9F0E4F942B6D}.Release|x64.Build.0 = Release|Any CPU
		{A43A97BD-9170-480B-B356-9F0E4F942B6D}.Release|x86.ActiveCfg = Release|Any CPU
		{A43A97BD-9170-480B-B356-9F0E4F942B6D}.Release|x86.Build.0 = Release|Any CPU
		{1CD55233-F23A-4ACA-A39A-ADA65C0AD48D}.Debug|Any CPU.ActiveCfg = Debug|Any CPU
		{1CD55233-F23A-4ACA-A39A-ADA65C0AD48D}.Debug|Any CPU.Build.0 = Debug|Any CPU
		{1CD55233-F23A-4ACA-A39A-ADA65C0AD48D}.Debug|ARM.ActiveCfg = Debug|Any CPU
		{1CD55233-F23A-4ACA-A39A-ADA65C0AD48D}.Debug|ARM.Build.0 = Debug|Any CPU
		{1CD55233-F23A-4ACA-A39A-ADA65C0AD48D}.Debug|x64.ActiveCfg = Debug|Any CPU
		{1CD55233-F23A-4ACA-A39A-ADA65C0AD48D}.Debug|x64.Build.0 = Debug|Any CPU
		{1CD55233-F23A-4ACA-A39A-ADA65C0AD48D}.Debug|x86.ActiveCfg = Debug|Any CPU
		{1CD55233-F23A-4ACA-A39A-ADA65C0AD48D}.Debug|x86.Build.0 = Debug|Any CPU
		{1CD55233-F23A-4ACA-A39A-ADA65C0AD48D}.Release|Any CPU.ActiveCfg = Release|Any CPU
		{1CD55233-F23A-4ACA-A39A-ADA65C0AD48D}.Release|Any CPU.Build.0 = Release|Any CPU
		{1CD55233-F23A-4ACA-A39A-ADA65C0AD48D}.Release|ARM.ActiveCfg = Release|Any CPU
		{1CD55233-F23A-4ACA-A39A-ADA65C0AD48D}.Release|ARM.Build.0 = Release|Any CPU
		{1CD55233-F23A-4ACA-A39A-ADA65C0AD48D}.Release|x64.ActiveCfg = Release|Any CPU
		{1CD55233-F23A-4ACA-A39A-ADA65C0AD48D}.Release|x64.Build.0 = Release|Any CPU
		{1CD55233-F23A-4ACA-A39A-ADA65C0AD48D}.Release|x86.ActiveCfg = Release|Any CPU
		{1CD55233-F23A-4ACA-A39A-ADA65C0AD48D}.Release|x86.Build.0 = Release|Any CPU
	EndGlobalSection
	GlobalSection(SolutionProperties) = preSolution
		HideSolutionNode = FALSE
	EndGlobalSection
	GlobalSection(ExtensibilityGlobals) = postSolution
		SolutionGuid = {212564A4-FE40-45A2-8AE6-A466B277810C}
	EndGlobalSection
	GlobalSection(Performance) = preSolution
		HasPerformanceSessions = true
	EndGlobalSection
	GlobalSection(Performance) = preSolution
		HasPerformanceSessions = true
	EndGlobalSection
	GlobalSection(Performance) = preSolution
		HasPerformanceSessions = true
	EndGlobalSection
	GlobalSection(Performance) = preSolution
		HasPerformanceSessions = true
	EndGlobalSection
	GlobalSection(Performance) = preSolution
		HasPerformanceSessions = true
	EndGlobalSection
	GlobalSection(Performance) = preSolution
		HasPerformanceSessions = true
	EndGlobalSection
EndGlobal
